
Microsoft Visual Studio Solution File, Format Version 12.00
# Visual Studio Version 16
VisualStudioVersion = 16.0.31515.178
MinimumVisualStudioVersion = 10.0.40219.1
Project("{FAE04EC0-301F-11D3-BF4B-00C04F79EFBC}") = "RoomSceduler", "RoomSceduler\RoomSceduler.csproj", "{52B0FD2F-E89D-40E6-BBC7-9D2AB6E97308}"
EndProject
Global
	GlobalSection(SolutionConfigurationPlatforms) = preSolution
		Debug|Any CPU = Debug|Any CPU
		Release|Any CPU = Release|Any CPU
	EndGlobalSection
	GlobalSection(ProjectConfigurationPlatforms) = postSolution
		{52B0FD2F-E89D-40E6-BBC7-9D2AB6E97308}.Debug|Any CPU.ActiveCfg = Debug|Any CPU
		{52B0FD2F-E89D-40E6-BBC7-9D2AB6E97308}.Debug|Any CPU.Build.0 = Debug|Any CPU
		{52B0FD2F-E89D-40E6-BBC7-9D2AB6E97308}.Release|Any CPU.ActiveCfg = Release|Any CPU
		{52B0FD2F-E89D-40E6-BBC7-9D2AB6E97308}.Release|Any CPU.Build.0 = Release|Any CPU
	EndGlobalSection
	GlobalSection(SolutionProperties) = preSolution
		HideSolutionNode = FALSE
	EndGlobalSection
	GlobalSection(ExtensibilityGlobals) = postSolution
		SolutionGuid = {9BC4362A-0622-44EB-9CCE-3F71FD3A7BE2}
	EndGlobalSection
EndGlobal
